
Microsoft Visual Studio Solution File, Format Version 12.00
# Visual Studio 2015
Project("{FAE04EC0-301F-11D3-BF4B-00C04F79EFBC}") = "bindingsrx.Plugins", "bindingsrx.Plugins.csproj", "{94F777BC-66AC-D4BE-0E59-4620F3824660}"
EndProject
Project("{FAE04EC0-301F-11D3-BF4B-00C04F79EFBC}") = "bindingsrx", "bindingsrx.csproj", "{9EC8D40B-48FB-E5C7-FE7D-C54A8B38E27C}"
EndProject
Project("{FAE04EC0-301F-11D3-BF4B-00C04F79EFBC}") = "bindingsrx.Editor", "bindingsrx.Editor.csproj", "{4FA73BCF-0081-1EB8-B4FF-2FEDDFEF99BD}"
EndProject
Global
	GlobalSection(SolutionConfigurationPlatforms) = preSolution
		Debug|Any CPU = Debug|Any CPU
		Release|Any CPU = Release|Any CPU
	EndGlobalSection
	GlobalSection(ProjectConfigurationPlatforms) = postSolution
		{94F777BC-66AC-D4BE-0E59-4620F3824660}.Debug|Any CPU.ActiveCfg = Debug|Any CPU
		{94F777BC-66AC-D4BE-0E59-4620F3824660}.Debug|Any CPU.Build.0 = Debug|Any CPU
		{94F777BC-66AC-D4BE-0E59-4620F3824660}.Release|Any CPU.ActiveCfg = Release|Any CPU
		{94F777BC-66AC-D4BE-0E59-4620F3824660}.Release|Any CPU.Build.0 = Release|Any CPU
		{9EC8D40B-48FB-E5C7-FE7D-C54A8B38E27C}.Debug|Any CPU.ActiveCfg = Debug|Any CPU
		{9EC8D40B-48FB-E5C7-FE7D-C54A8B38E27C}.Debug|Any CPU.Build.0 = Debug|Any CPU
		{9EC8D40B-48FB-E5C7-FE7D-C54A8B38E27C}.Release|Any CPU.ActiveCfg = Release|Any CPU
		{9EC8D40B-48FB-E5C7-FE7D-C54A8B38E27C}.Release|Any CPU.Build.0 = Release|Any CPU
		{4FA73BCF-0081-1EB8-B4FF-2FEDDFEF99BD}.Debug|Any CPU.ActiveCfg = Debug|Any CPU
		{4FA73BCF-0081-1EB8-B4FF-2FEDDFEF99BD}.Debug|Any CPU.Build.0 = Debug|Any CPU
		{4FA73BCF-0081-1EB8-B4FF-2FEDDFEF99BD}.Release|Any CPU.ActiveCfg = Release|Any CPU
		{4FA73BCF-0081-1EB8-B4FF-2FEDDFEF99BD}.Release|Any CPU.Build.0 = Release|Any CPU
	EndGlobalSection
	GlobalSection(SolutionProperties) = preSolution
		HideSolutionNode = FALSE
	EndGlobalSection
EndGlobal
